
Microsoft Visual Studio Solution File, Format Version 12.00
# Visual Studio Version 17
VisualStudioVersion = 17.1.32328.378
MinimumVisualStudioVersion = 10.0.40219.1
Project("{FAE04EC0-301F-11D3-BF4B-00C04F79EFBC}") = "Domein", "Domein\Domein.csproj", "{9CFFC2A4-00C6-4B19-A5EA-83FE19980892}"
EndProject
Project("{FAE04EC0-301F-11D3-BF4B-00C04F79EFBC}") = "CUI", "CUI\CUI.csproj", "{69D2EB9C-0F3B-4AD9-9F5F-48F6F94B8820}"
EndProject
Project("{FAE04EC0-301F-11D3-BF4B-00C04F79EFBC}") = "Persistentie", "Persistentie\Persistentie.csproj", "{10DE7415-38A6-46DA-A229-A05EFCA104A3}"
EndProject
Project("{FAE04EC0-301F-11D3-BF4B-00C04F79EFBC}") = "UnitTests", "UnitTests\UnitTests.csproj", "{EF904EA4-2105-4314-AB21-791A782A2C43}"
EndProject
Project("{FAE04EC0-301F-11D3-BF4B-00C04F79EFBC}") = "WPF_GUI", "WPF_GUI\WPF_GUI.csproj", "{030BC766-9CC2-482E-A393-59AB460CD31C}"
EndProject
Global
	GlobalSection(SolutionConfigurationPlatforms) = preSolution
		Debug|Any CPU = Debug|Any CPU
		Release|Any CPU = Release|Any CPU
	EndGlobalSection
	GlobalSection(ProjectConfigurationPlatforms) = postSolution
		{9CFFC2A4-00C6-4B19-A5EA-83FE19980892}.Debug|Any CPU.ActiveCfg = Debug|Any CPU
		{9CFFC2A4-00C6-4B19-A5EA-83FE19980892}.Debug|Any CPU.Build.0 = Debug|Any CPU
		{9CFFC2A4-00C6-4B19-A5EA-83FE19980892}.Release|Any CPU.ActiveCfg = Release|Any CPU
		{9CFFC2A4-00C6-4B19-A5EA-83FE19980892}.Release|Any CPU.Build.0 = Release|Any CPU
		{69D2EB9C-0F3B-4AD9-9F5F-48F6F94B8820}.Debug|Any CPU.ActiveCfg = Debug|Any CPU
		{69D2EB9C-0F3B-4AD9-9F5F-48F6F94B8820}.Debug|Any CPU.Build.0 = Debug|Any CPU
		{69D2EB9C-0F3B-4AD9-9F5F-48F6F94B8820}.Release|Any CPU.ActiveCfg = Release|Any CPU
		{69D2EB9C-0F3B-4AD9-9F5F-48F6F94B8820}.Release|Any CPU.Build.0 = Release|Any CPU
		{10DE7415-38A6-46DA-A229-A05EFCA104A3}.Debug|Any CPU.ActiveCfg = Debug|Any CPU
		{10DE7415-38A6-46DA-A229-A05EFCA104A3}.Debug|Any CPU.Build.0 = Debug|Any CPU
		{10DE7415-38A6-46DA-A229-A05EFCA104A3}.Release|Any CPU.ActiveCfg = Release|Any CPU
		{10DE7415-38A6-46DA-A229-A05EFCA104A3}.Release|Any CPU.Build.0 = Release|Any CPU
		{EF904EA4-2105-4314-AB21-791A782A2C43}.Debug|Any CPU.ActiveCfg = Debug|Any CPU
		{EF904EA4-2105-4314-AB21-791A782A2C43}.Debug|Any CPU.Build.0 = Debug|Any CPU
		{EF904EA4-2105-4314-AB21-791A782A2C43}.Release|Any CPU.ActiveCfg = Release|Any CPU
		{EF904EA4-2105-4314-AB21-791A782A2C43}.Release|Any CPU.Build.0 = Release|Any CPU
		{030BC766-9CC2-482E-A393-59AB460CD31C}.Debug|Any CPU.ActiveCfg = Debug|Any CPU
		{030BC766-9CC2-482E-A393-59AB460CD31C}.Debug|Any CPU.Build.0 = Debug|Any CPU
		{030BC766-9CC2-482E-A393-59AB460CD31C}.Release|Any CPU.ActiveCfg = Release|Any CPU
		{030BC766-9CC2-482E-A393-59AB460CD31C}.Release|Any CPU.Build.0 = Release|Any CPU
	EndGlobalSection
	GlobalSection(SolutionProperties) = preSolution
		HideSolutionNode = FALSE
	EndGlobalSection
	GlobalSection(ExtensibilityGlobals) = postSolution
		SolutionGuid = {CEB21E7C-ABA4-4896-B271-B414932A5863}
	EndGlobalSection
EndGlobal
